
Microsoft Visual Studio Solution File, Format Version 12.00
# Visual Studio Version 16
VisualStudioVersion = 16.0.30611.23
MinimumVisualStudioVersion = 10.0.40219.1
Project("{FAE04EC0-301F-11D3-BF4B-00C04F79EFBC}") = "ArtNetManager", "ArtNetManager.csproj", "{B922C1EF-7D5F-4C02-A11A-4BF4DA5C28D3}"
EndProject
Global
	GlobalSection(SolutionConfigurationPlatforms) = preSolution
		Debug|Any CPU = Debug|Any CPU
		Release|Any CPU = Release|Any CPU
	EndGlobalSection
	GlobalSection(ProjectConfigurationPlatforms) = postSolution
		{B922C1EF-7D5F-4C02-A11A-4BF4DA5C28D3}.Debug|Any CPU.ActiveCfg = Debug|Any CPU
		{B922C1EF-7D5F-4C02-A11A-4BF4DA5C28D3}.Debug|Any CPU.Build.0 = Debug|Any CPU
		{B922C1EF-7D5F-4C02-A11A-4BF4DA5C28D3}.Release|Any CPU.ActiveCfg = Release|Any CPU
		{B922C1EF-7D5F-4C02-A11A-4BF4DA5C28D3}.Release|Any CPU.Build.0 = Release|Any CPU
	EndGlobalSection
	GlobalSection(SolutionProperties) = preSolution
		HideSolutionNode = FALSE
	EndGlobalSection
	GlobalSection(ExtensibilityGlobals) = postSolution
		SolutionGuid = {6A194D39-4111-4208-9879-7C27649A29BB}
	EndGlobalSection
EndGlobal
